version: 6
environments:
  default:
    channels:
    - url: https://conda.anaconda.org/conda-forge/
    packages:
      linux-64:
      - conda: https://conda.anaconda.org/conda-forge/linux-64/_libgcc_mutex-0.1-conda_forge.tar.bz2
      - conda: https://conda.anaconda.org/conda-forge/linux-64/_openmp_mutex-4.5-2_gnu.tar.bz2
      - conda: https://conda.anaconda.org/conda-forge/linux-64/bat-0.25.0-h8fae777_0.conda
      - conda: https://conda.anaconda.org/conda-forge/linux-64/fzf-0.64.0-hf1419bc_0.conda
      - conda: https://conda.anaconda.org/conda-forge/linux-64/lazygit-0.53.0-hf1419bc_0.conda
      - conda: https://conda.anaconda.org/conda-forge/linux-64/libgcc-15.1.0-h767d61c_3.conda
      - conda: https://conda.anaconda.org/conda-forge/linux-64/libgcc-ng-15.1.0-h69a702a_3.conda
      - conda: https://conda.anaconda.org/conda-forge/linux-64/libgomp-15.1.0-h767d61c_3.conda
      - conda: https://conda.anaconda.org/conda-forge/linux-64/libstdcxx-15.1.0-h8f9b012_3.conda
      - conda: https://conda.anaconda.org/conda-forge/linux-64/libstdcxx-ng-15.1.0-h4852527_3.conda
      - conda: https://conda.anaconda.org/conda-forge/linux-64/p7zip-16.02-h9c3ff4c_1001.tar.bz2
      - conda: https://conda.anaconda.org/conda-forge/linux-64/ripgrep-14.1.1-h8fae777_1.conda
      - conda: https://conda.anaconda.org/conda-forge/linux-64/yazi-25.5.31-h8fae777_0.conda
packages:
- conda: https://conda.anaconda.org/conda-forge/linux-64/_libgcc_mutex-0.1-conda_forge.tar.bz2
  sha256: fe51de6107f9edc7aa4f786a70f4a883943bc9d39b3bb7307c04c41410990726
  md5: d7c89558ba9fa0495403155b64376d81
  license: None
  size: 2562
  timestamp: 1578324546067
- conda: https://conda.anaconda.org/conda-forge/linux-64/_openmp_mutex-4.5-2_gnu.tar.bz2
  build_number: 16
  sha256: fbe2c5e56a653bebb982eda4876a9178aedfc2b545f25d0ce9c4c0b508253d22
  md5: 73aaf86a425cc6e73fcf236a5a46396d
  depends:
  - _libgcc_mutex 0.1 conda_forge
  - libgomp >=7.5.0
  constrains:
  - openmp_impl 9999
  license: BSD-3-Clause
  license_family: BSD
  size: 23621
  timestamp: 1650670423406
- conda: https://conda.anaconda.org/conda-forge/linux-64/bat-0.25.0-h8fae777_0.conda
  sha256: c274a7c6ad67123d4cbf8a9038ce98fb53eddf64e3d07d6ed9c0f4baa232c06e
  md5: f817caf813105f7dadbebd36f4d5f41d
  depends:
  - __glibc >=2.17,<3.0.a0
  - libgcc >=13
  constrains:
  - __glibc >=2.17
  license: MIT
  license_family: MIT
  size: 2721524
  timestamp: 1736296641353
- conda: https://conda.anaconda.org/conda-forge/linux-64/fzf-0.64.0-hf1419bc_0.conda
  sha256: 985ece1cc0f726d42183629618a48b04b63f391918a2e7753b42e7ed79b4fcfe
  md5: 0770c031b2b2b812596c8bc59e8b22ba
  license: MIT
  license_family: MIT
  size: 3334652
  timestamp: 1751891110702
- conda: https://conda.anaconda.org/conda-forge/linux-64/lazygit-0.53.0-hf1419bc_0.conda
  sha256: 95772b4b3892452d515edf49d3f2558d6dba8ec7495690182fd6b5470f546523
  md5: b367d3e8835ef82bb2b36d3f75db20bf
  license: MIT
  license_family: MIT
  size: 6674604
  timestamp: 1751743615450
- conda: https://conda.anaconda.org/conda-forge/linux-64/libgcc-15.1.0-h767d61c_3.conda
  sha256: 59a87161212abe8acc57d318b0cc8636eb834cdfdfddcf1f588b5493644b39a3
  md5: 9e60c55e725c20d23125a5f0dd69af5d
  depends:
  - __glibc >=2.17,<3.0.a0
  - _openmp_mutex >=4.5
  constrains:
  - libgcc-ng ==15.1.0=*_3
  - libgomp 15.1.0 h767d61c_3
  license: GPL-3.0-only WITH GCC-exception-3.1
  license_family: GPL
  size: 824921
  timestamp: 1750808216066
- conda: https://conda.anaconda.org/conda-forge/linux-64/libgcc-ng-15.1.0-h69a702a_3.conda
  sha256: b0b0a5ee6ce645a09578fc1cb70c180723346f8a45fdb6d23b3520591c6d6996
  md5: e66f2b8ad787e7beb0f846e4bd7e8493
  depends:
  - libgcc 15.1.0 h767d61c_3
  license: GPL-3.0-only WITH GCC-exception-3.1
  license_family: GPL
  size: 29033
  timestamp: 1750808224854
- conda: https://conda.anaconda.org/conda-forge/linux-64/libgomp-15.1.0-h767d61c_3.conda
  sha256: 43710ab4de0cd7ff8467abff8d11e7bb0e36569df04ce1c099d48601818f11d1
  md5: 3cd1a7238a0dd3d0860fdefc496cc854
  depends:
  - __glibc >=2.17,<3.0.a0
  license: GPL-3.0-only WITH GCC-exception-3.1
  license_family: GPL
  size: 447068
  timestamp: 1750808138400
- conda: https://conda.anaconda.org/conda-forge/linux-64/libstdcxx-15.1.0-h8f9b012_3.conda
  sha256: 7650837344b7850b62fdba02155da0b159cf472b9ab59eb7b472f7bd01dff241
  md5: 6d11a5edae89fe413c0569f16d308f5a
  depends:
  - __glibc >=2.17,<3.0.a0
  - libgcc 15.1.0 h767d61c_3
  license: GPL-3.0-only WITH GCC-exception-3.1
  license_family: GPL
  size: 3896407
  timestamp: 1750808251302
- conda: https://conda.anaconda.org/conda-forge/linux-64/libstdcxx-ng-15.1.0-h4852527_3.conda
  sha256: bbaea1ecf973a7836f92b8ebecc94d3c758414f4de39d2cc6818a3d10cb3216b
  md5: 57541755b5a51691955012b8e197c06c
  depends:
  - libstdcxx 15.1.0 h8f9b012_3
  license: GPL-3.0-only WITH GCC-exception-3.1
  license_family: GPL
  size: 29093
  timestamp: 1750808292700
- conda: https://conda.anaconda.org/conda-forge/linux-64/p7zip-16.02-h9c3ff4c_1001.tar.bz2
  sha256: 01aecc8f648ed0825ecf4c384c2f4759146ef8f2815348efddebf42ec769419c
  md5: 941066943c0cac69d5aa52189451aa5f
  depends:
  - libgcc-ng >=9.4.0
  - libstdcxx-ng >=9.4.0
  license: LGPL-2.0-or-later
  license_family: LGPL
  size: 2304688
  timestamp: 1650994775055
- conda: https://conda.anaconda.org/conda-forge/linux-64/ripgrep-14.1.1-h8fae777_1.conda
  sha256: b8c3e26a804077fde11fc3579207c7a60db32c5367c2330fe6d620f8e49a6dc4
  md5: 845d9730024ab628f55d384631ceb499
  depends:
  - __glibc >=2.17,<3.0.a0
  - libgcc >=13
  constrains:
  - __glibc >=2.17
  license: MIT
  license_family: MIT
  size: 1690324
  timestamp: 1746861432950
- conda: https://conda.anaconda.org/conda-forge/linux-64/yazi-25.5.31-h8fae777_0.conda
  sha256: ac2efb8768edda799a7c62ecc439d205625e835247097bedc93f29f43fe29186
  md5: 7747659f23edfc5efd4dea65ebf32c1e
  depends:
  - __glibc >=2.17,<3.0.a0
  - libgcc >=13
  constrains:
  - __glibc >=2.17
  license: MIT
  license_family: MIT
  size: 7407430
  timestamp: 1748903114692
